
Microsoft Visual Studio Solution File, Format Version 12.00
# Visual Studio Version 17
VisualStudioVersion = 17.14.36429.23 d17.14
MinimumVisualStudioVersion = 10.0.40219.1
Project("{FAE04EC0-301F-11D3-BF4B-00C04F79EFBC}") = "SV_UniqueCards", "SV_UniqueCards\SV_UniqueCards.csproj", "{95C030B0-4E91-4D65-AC78-7CC19CEA5E7D}"
EndProject
Global
	GlobalSection(SolutionConfigurationPlatforms) = preSolution
		Debug|Any CPU = Debug|Any CPU
		Release|Any CPU = Release|Any CPU
	EndGlobalSection
	GlobalSection(ProjectConfigurationPlatforms) = postSolution
		{95C030B0-4E91-4D65-AC78-7CC19CEA5E7D}.Debug|Any CPU.ActiveCfg = Debug|Any CPU
		{95C030B0-4E91-4D65-AC78-7CC19CEA5E7D}.Debug|Any CPU.Build.0 = Debug|Any CPU
		{95C030B0-4E91-4D65-AC78-7CC19CEA5E7D}.Release|Any CPU.ActiveCfg = Release|Any CPU
		{95C030B0-4E91-4D65-AC78-7CC19CEA5E7D}.Release|Any CPU.Build.0 = Release|Any CPU
	EndGlobalSection
	GlobalSection(SolutionProperties) = preSolution
		HideSolutionNode = FALSE
	EndGlobalSection
	GlobalSection(ExtensibilityGlobals) = postSolution
		SolutionGuid = {F2795FE1-DFD0-4CE1-A9CA-C3FED5753D89}
	EndGlobalSection
EndGlobal
